
Microsoft Visual Studio Solution File, Format Version 12.00
# Visual Studio 2017
Project("{FAE04EC0-301F-11D3-BF4B-00C04F79EFBC}") = "WebAppTagHelper", "WebAppTagHelper.csproj", "{90724949-B155-449E-BFD6-4786346A1B2F}"
EndProject
Global
	GlobalSection(SolutionConfigurationPlatforms) = preSolution
		Debug|Any CPU = Debug|Any CPU
		Release|Any CPU = Release|Any CPU
	EndGlobalSection
	GlobalSection(ProjectConfigurationPlatforms) = postSolution
		{90724949-B155-449E-BFD6-4786346A1B2F}.Debug|Any CPU.ActiveCfg = Debug|Any CPU
		{90724949-B155-449E-BFD6-4786346A1B2F}.Debug|Any CPU.Build.0 = Debug|Any CPU
		{90724949-B155-449E-BFD6-4786346A1B2F}.Release|Any CPU.ActiveCfg = Release|Any CPU
		{90724949-B155-449E-BFD6-4786346A1B2F}.Release|Any CPU.Build.0 = Release|Any CPU
	EndGlobalSection
EndGlobal
