
Microsoft Visual Studio Solution File, Format Version 12.00
# Visual Studio Version 16
VisualStudioVersion = 16.0.29201.188
MinimumVisualStudioVersion = 10.0.40219.1
Project("{FAE04EC0-301F-11D3-BF4B-00C04F79EFBC}") = "App", "App.csproj", "{A7F776F2-0922-40AA-B496-B13C99ED4C6F}"
EndProject
Global
	GlobalSection(SolutionConfigurationPlatforms) = preSolution
		Debug|Any CPU = Debug|Any CPU
		Release|Any CPU = Release|Any CPU
	EndGlobalSection
	GlobalSection(ProjectConfigurationPlatforms) = postSolution
		{A7F776F2-0922-40AA-B496-B13C99ED4C6F}.Debug|Any CPU.ActiveCfg = Debug|Any CPU
		{A7F776F2-0922-40AA-B496-B13C99ED4C6F}.Debug|Any CPU.Build.0 = Debug|Any CPU
		{A7F776F2-0922-40AA-B496-B13C99ED4C6F}.Release|Any CPU.ActiveCfg = Release|Any CPU
		{A7F776F2-0922-40AA-B496-B13C99ED4C6F}.Release|Any CPU.Build.0 = Release|Any CPU
	EndGlobalSection
	GlobalSection(SolutionProperties) = preSolution
		HideSolutionNode = FALSE
	EndGlobalSection
	GlobalSection(ExtensibilityGlobals) = postSolution
		SolutionGuid = {1255AD47-F640-4F34-97A0-E079F79B05B0}
	EndGlobalSection
EndGlobal
