
Microsoft Visual Studio Solution File, Format Version 12.00
# Visual Studio 15
VisualStudioVersion = 15.0.28307.271
MinimumVisualStudioVersion = 10.0.40219.1
Project("{FAE04EC0-301F-11D3-BF4B-00C04F79EFBC}") = "WebAppTagHelper", "WebAppTagHelper\WebAppTagHelper.csproj", "{B8423F18-9C76-4D03-9C83-513079B701FE}"
EndProject
Global
	GlobalSection(SolutionConfigurationPlatforms) = preSolution
		Debug|Any CPU = Debug|Any CPU
		Release|Any CPU = Release|Any CPU
	EndGlobalSection
	GlobalSection(ProjectConfigurationPlatforms) = postSolution
		{B8423F18-9C76-4D03-9C83-513079B701FE}.Debug|Any CPU.ActiveCfg = Debug|Any CPU
		{B8423F18-9C76-4D03-9C83-513079B701FE}.Debug|Any CPU.Build.0 = Debug|Any CPU
		{B8423F18-9C76-4D03-9C83-513079B701FE}.Release|Any CPU.ActiveCfg = Release|Any CPU
		{B8423F18-9C76-4D03-9C83-513079B701FE}.Release|Any CPU.Build.0 = Release|Any CPU
	EndGlobalSection
	GlobalSection(SolutionProperties) = preSolution
		HideSolutionNode = FALSE
	EndGlobalSection
	GlobalSection(ExtensibilityGlobals) = postSolution
		SolutionGuid = {5F316689-1417-4B4B-9556-58C9E10AB0A0}
	EndGlobalSection
EndGlobal
